{
  "name": "audio-play",
  "version": "2.1.1",
  "lockfileVersion": 1,
  "dependencies": {
    "atob": {
      "version": "2.0.3",
      "resolved": "https://registry.npmjs.org/atob/-/atob-2.0.3.tgz",
      "integrity": "sha1-GcenYEc3dEaPILLS0DNyrX1Mv10=",
      "dev": true
    },
    "atob-lite": {
      "version": "1.0.0",
      "resolved": "https://registry.npmjs.org/atob-lite/-/atob-lite-1.0.0.tgz",
      "integrity": "sha1-uI3KYAaSK5YglPdVaCa6sxxKKWs="
    },
    "audio-buffer": {
      "version": "3.2.1",
      "resolved": "https://registry.npmjs.org/audio-buffer/-/audio-buffer-3.2.1.tgz",
      "integrity": "sha1-y/8sFXf7CvxckjKQLVQ7L5bdQz0="
    },
    "audio-buffer-list": {
      "version": "2.0.7",
      "resolved": "https://registry.npmjs.org/audio-buffer-list/-/audio-buffer-list-2.0.7.tgz",
      "integrity": "sha1-iL5ug1F0MpVSsBQzAlwnx6189dY="
    },
    "audio-buffer-utils": {
      "version": "4.3.2",
      "resolved": "https://registry.npmjs.org/audio-buffer-utils/-/audio-buffer-utils-4.3.2.tgz",
      "integrity": "sha1-1VX67Y1s7rEgYZ45+mkTdPIQM4A="
    },
    "audio-context": {
      "version": "1.0.1",
      "resolved": "https://registry.npmjs.org/audio-context/-/audio-context-1.0.1.tgz",
      "integrity": "sha1-zsTbis5u9KrL8Q7vCXekVxRo1Ks="
    },
    "audio-lena": {
      "version": "1.1.3",
      "resolved": "https://registry.npmjs.org/audio-lena/-/audio-lena-1.1.3.tgz",
      "integrity": "sha1-6WtP6cmpWnpp2GmvaprRZlkl6dM=",
      "dev": true
    },
    "audio-sink": {
      "version": "1.1.6",
      "resolved": "https://registry.npmjs.org/audio-sink/-/audio-sink-1.1.6.tgz",
      "integrity": "sha1-4UVOsTeFIimNIXC3ywMsM/0faIU=",
      "optional": true
    },
    "audio-source": {
      "version": "1.1.1",
      "resolved": "https://registry.npmjs.org/audio-source/-/audio-source-1.1.1.tgz",
      "integrity": "sha1-MUuZweqP+tiIq0KwSH7jK4oXqUg=",
      "dependencies": {
        "audio-buffer": {
          "version": "2.4.6",
          "resolved": "https://registry.npmjs.org/audio-buffer/-/audio-buffer-2.4.6.tgz",
          "integrity": "sha1-L5e9srucpG0i07AdQzT0mSTromA="
        },
        "audio-context": {
          "version": "1.0.1",
          "resolved": "https://registry.npmjs.org/audio-context/-/audio-context-1.0.1.tgz",
          "integrity": "sha1-zsTbis5u9KrL8Q7vCXekVxRo1Ks="
        }
      }
    },
    "audio-speaker": {
      "version": "1.5.0",
      "resolved": "https://registry.npmjs.org/audio-speaker/-/audio-speaker-1.5.0.tgz",
      "integrity": "sha1-SUluGps0PUKBGeKFXxGE7oLU7lM="
    },
    "audio-through": {
      "version": "2.2.3",
      "resolved": "https://registry.npmjs.org/audio-through/-/audio-through-2.2.3.tgz",
      "integrity": "sha1-FPyMN7YT0chwz67gS/RFTCiVn78="
    },
    "bindings": {
      "version": "1.2.1",
      "resolved": "https://registry.npmjs.org/bindings/-/bindings-1.2.1.tgz",
      "integrity": "sha1-FK1hE4EtLTfXLme0ystLtyZQXxE=",
      "optional": true
    },
    "buffer-to-arraybuffer": {
      "version": "0.0.4",
      "resolved": "https://registry.npmjs.org/buffer-to-arraybuffer/-/buffer-to-arraybuffer-0.0.4.tgz",
      "integrity": "sha1-8+Xj9vJjLHHnzevnbtFxj61CHUw="
    },
    "clamp": {
      "version": "1.0.1",
      "resolved": "https://registry.npmjs.org/clamp/-/clamp-1.0.1.tgz",
      "integrity": "sha1-ZqDmQBGBbjcZaCj9yMjBRzEshjQ="
    },
    "core-util-is": {
      "version": "1.0.2",
      "resolved": "https://registry.npmjs.org/core-util-is/-/core-util-is-1.0.2.tgz",
      "integrity": "sha1-tf1UIgqivFq1eqtxQMlAdUUDwac=",
      "optional": true
    },
    "data-uri-regex": {
      "version": "0.1.4",
      "resolved": "https://registry.npmjs.org/data-uri-regex/-/data-uri-regex-0.1.4.tgz",
      "integrity": "sha1-Hh22yDl+yopI7NtVrRuSfsC7rC4="
    },
    "debug": {
      "version": "2.6.8",
      "resolved": "https://registry.npmjs.org/debug/-/debug-2.6.8.tgz",
      "integrity": "sha1-5zFTHKLt4n0YgiJCfaF4IdaP9Pw=",
      "optional": true
    },
    "dom-walk": {
      "version": "0.1.1",
      "resolved": "https://registry.npmjs.org/dom-walk/-/dom-walk-0.1.1.tgz",
      "integrity": "sha1-ZyIm3HTI95mtNTB9+TaroRrNYBg="
    },
    "global": {
      "version": "4.3.2",
      "resolved": "https://registry.npmjs.org/global/-/global-4.3.2.tgz",
      "integrity": "sha1-52mJJopsdMOJCLEwWxD8DjlOnQ8="
    },
    "inherits": {
      "version": "2.0.3",
      "resolved": "https://registry.npmjs.org/inherits/-/inherits-2.0.3.tgz",
      "integrity": "sha1-Yzwsg+PaQqUC9SRmAiSA9CCCYd4="
    },
    "is-audio-buffer": {
      "version": "1.0.11",
      "resolved": "https://registry.npmjs.org/is-audio-buffer/-/is-audio-buffer-1.0.11.tgz",
      "integrity": "sha1-Hs443PML9U3aNvIKRS63J9I96zY="
    },
    "is-browser": {
      "version": "2.0.1",
      "resolved": "https://registry.npmjs.org/is-browser/-/is-browser-2.0.1.tgz",
      "integrity": "sha1-i/C695mpxi/Z3lvO5M8zl8PnUpo="
    },
    "is-buffer": {
      "version": "1.1.5",
      "resolved": "https://registry.npmjs.org/is-buffer/-/is-buffer-1.1.5.tgz",
      "integrity": "sha1-Hzsm72E7IUuIy8ojzGwB2Hlh7sw="
    },
    "is-data-uri": {
      "version": "0.1.0",
      "resolved": "https://registry.npmjs.org/is-data-uri/-/is-data-uri-0.1.0.tgz",
      "integrity": "sha1-Ru5ntjwYwf+gvU36ss0sgccoI38="
    },
    "is-negative-zero": {
      "version": "2.0.0",
      "resolved": "https://registry.npmjs.org/is-negative-zero/-/is-negative-zero-2.0.0.tgz",
      "integrity": "sha1-lVOxIbD6wohp2p7UWeIMdUN4hGE="
    },
    "is-plain-obj": {
      "version": "1.1.0",
      "resolved": "https://registry.npmjs.org/is-plain-obj/-/is-plain-obj-1.1.0.tgz",
      "integrity": "sha1-caUMhCnfync8kqOQpKA7OfzVHT4="
    },
    "is-promise": {
      "version": "2.1.0",
      "resolved": "https://registry.npmjs.org/is-promise/-/is-promise-2.1.0.tgz",
      "integrity": "sha1-eaKp7OfwlugPNtKy87wWwf9L8/o="
    },
    "isarray": {
      "version": "1.0.0",
      "resolved": "https://registry.npmjs.org/isarray/-/isarray-1.0.0.tgz",
      "integrity": "sha1-u5NdSFgsuhaMBoNJV6VKPgcSTxE=",
      "optional": true
    },
    "min-document": {
      "version": "2.19.0",
      "resolved": "https://registry.npmjs.org/min-document/-/min-document-2.19.0.tgz",
      "integrity": "sha1-e9KC4/WELtKVu3SM3Z8f+iyCRoU="
    },
    "ms": {
      "version": "2.0.0",
      "resolved": "https://registry.npmjs.org/ms/-/ms-2.0.0.tgz",
      "integrity": "sha1-VgiurfwAvmwpAd9fmGF4jeDVl8g=",
      "optional": true
    },
    "nan": {
      "version": "2.6.2",
      "resolved": "https://registry.npmjs.org/nan/-/nan-2.6.2.tgz",
      "integrity": "sha1-5P805slf37WuzAjeZZb0NgWn20U=",
      "optional": true
    },
    "negative-index": {
      "version": "1.0.2",
      "resolved": "https://registry.npmjs.org/negative-index/-/negative-index-1.0.2.tgz",
      "integrity": "sha1-uws0n53oCHkybPpUxW+2tnykeI0="
    },
    "object-assign": {
      "version": "4.1.1",
      "resolved": "https://registry.npmjs.org/object-assign/-/object-assign-4.1.1.tgz",
      "integrity": "sha1-IQmtx5ZYh8/AXLvUQsrIv7s2CGM="
    },
    "pcm-util": {
      "version": "2.1.0",
      "resolved": "https://registry.npmjs.org/pcm-util/-/pcm-util-2.1.0.tgz",
      "integrity": "sha1-UazkawngEX+5L2VPYy3LLtnIYGU="
    },
    "performance-now": {
      "version": "2.1.0",
      "resolved": "https://registry.npmjs.org/performance-now/-/performance-now-2.1.0.tgz",
      "integrity": "sha1-Ywn04OX6kT7BxpMHrjZLSzd8nns="
    },
    "process": {
      "version": "0.5.2",
      "resolved": "https://registry.npmjs.org/process/-/process-0.5.2.tgz",
      "integrity": "sha1-FjjYqONML0QKkduVq5rrZ3/Bhc8="
    },
    "process-nextick-args": {
      "version": "1.0.7",
      "resolved": "https://registry.npmjs.org/process-nextick-args/-/process-nextick-args-1.0.7.tgz",
      "integrity": "sha1-FQ4gt1ZZCtP5EJPyWk8q2L/zC6M=",
      "optional": true
    },
    "pull-stream": {
      "version": "3.6.0",
      "resolved": "https://registry.npmjs.org/pull-stream/-/pull-stream-3.6.0.tgz",
      "integrity": "sha1-WdAzpoFdTjCX1Hw9KxiTqeWKI1E="
    },
    "readable-stream": {
      "version": "2.2.11",
      "resolved": "https://registry.npmjs.org/readable-stream/-/readable-stream-2.2.11.tgz",
      "integrity": "sha512-h+8+r3MKEhkiVrwdKL8aWs1oc1VvBu33ueshOvS26RsZQ3Amhx/oO3TKe4lApSV9ueY6as8EAh7mtuFjdlhg9Q==",
      "optional": true
    },
    "safe-buffer": {
      "version": "5.0.1",
      "resolved": "https://registry.npmjs.org/safe-buffer/-/safe-buffer-5.0.1.tgz",
      "integrity": "sha1-0mPKVGls2KMGtcplUekt5XkY++c="
    },
    "speaker": {
      "version": "0.3.0",
      "resolved": "https://registry.npmjs.org/speaker/-/speaker-0.3.0.tgz",
      "integrity": "sha1-NuDuN+dPuI9+rZrJsfFRe5uC0lM=",
      "optional": true
    },
    "string_decoder": {
      "version": "1.0.2",
      "resolved": "https://registry.npmjs.org/string_decoder/-/string_decoder-1.0.2.tgz",
      "integrity": "sha1-sp4fThEl+pehA4K4pTNze3SR4Xk=",
      "optional": true
    },
    "to-array-buffer": {
      "version": "1.2.4",
      "resolved": "https://registry.npmjs.org/to-array-buffer/-/to-array-buffer-1.2.4.tgz",
      "integrity": "sha1-fv3DGUpaDSsLqT+6nT7cM6EllHM="
    },
    "typedarray-methods": {
      "version": "1.0.1",
      "resolved": "https://registry.npmjs.org/typedarray-methods/-/typedarray-methods-1.0.1.tgz",
      "integrity": "sha512-fstWAa225OZ856/4npMqgJP6U1U3vTWnqkn9wokZXzME9pORW9dV8u/v1VRGpo584udKMvCIYlNXzKoIb+UUGg=="
    },
    "util-deprecate": {
      "version": "1.0.2",
      "resolved": "https://registry.npmjs.org/util-deprecate/-/util-deprecate-1.0.2.tgz",
      "integrity": "sha1-RQ1Nyfpw3nMnYvvS1KKJgUGaDM8=",
      "optional": true
    },
    "web-audio-stream": {
      "version": "3.0.1",
      "resolved": "https://registry.npmjs.org/web-audio-stream/-/web-audio-stream-3.0.1.tgz",
      "integrity": "sha1-sR0bHKzhYepKCYwm9nRK/K3HCw4="
    },
    "xtend": {
      "version": "4.0.1",
      "resolved": "https://registry.npmjs.org/xtend/-/xtend-4.0.1.tgz",
      "integrity": "sha1-pcbVMr5lbiPbgg77lDofBJmNY68=",
      "optional": true
    }
  }
}
